
Microsoft Visual Studio Solution File, Format Version 12.00
# Visual Studio Version 17
VisualStudioVersion = 17.9.34728.123
MinimumVisualStudioVersion = 10.0.40219.1
Project("{FAE04EC0-301F-11D3-BF4B-00C04F79EFBC}") = "Curso de C# .Net Básico", "Curso de C# .Net Básico\Curso de C# .Net Básico.csproj", "{EA020784-DBCB-483D-BA55-09E7432A5848}"
EndProject
Global
	GlobalSection(SolutionConfigurationPlatforms) = preSolution
		Debug|Any CPU = Debug|Any CPU
		Release|Any CPU = Release|Any CPU
	EndGlobalSection
	GlobalSection(ProjectConfigurationPlatforms) = postSolution
		{EA020784-DBCB-483D-BA55-09E7432A5848}.Debug|Any CPU.ActiveCfg = Debug|Any CPU
		{EA020784-DBCB-483D-BA55-09E7432A5848}.Debug|Any CPU.Build.0 = Debug|Any CPU
		{EA020784-DBCB-483D-BA55-09E7432A5848}.Release|Any CPU.ActiveCfg = Release|Any CPU
		{EA020784-DBCB-483D-BA55-09E7432A5848}.Release|Any CPU.Build.0 = Release|Any CPU
	EndGlobalSection
	GlobalSection(SolutionProperties) = preSolution
		HideSolutionNode = FALSE
	EndGlobalSection
	GlobalSection(ExtensibilityGlobals) = postSolution
		SolutionGuid = {777891FE-63AC-4565-A090-C2CEE6788916}
	EndGlobalSection
EndGlobal
